
Microsoft Visual Studio Solution File, Format Version 12.00
# Visual Studio Version 17
VisualStudioVersion = 17.8.34511.84
MinimumVisualStudioVersion = 10.0.40219.1
Project("{FAE04EC0-301F-11D3-BF4B-00C04F79EFBC}") = "Cryptography", "Cryptography.csproj", "{A67432D1-DFA2-4CE1-BB4A-24E06D9431A9}"
EndProject
Global
	GlobalSection(SolutionConfigurationPlatforms) = preSolution
		Debug|Any CPU = Debug|Any CPU
		Release|Any CPU = Release|Any CPU
	EndGlobalSection
	GlobalSection(ProjectConfigurationPlatforms) = postSolution
		{A67432D1-DFA2-4CE1-BB4A-24E06D9431A9}.Debug|Any CPU.ActiveCfg = Debug|Any CPU
		{A67432D1-DFA2-4CE1-BB4A-24E06D9431A9}.Debug|Any CPU.Build.0 = Debug|Any CPU
		{A67432D1-DFA2-4CE1-BB4A-24E06D9431A9}.Release|Any CPU.ActiveCfg = Release|Any CPU
		{A67432D1-DFA2-4CE1-BB4A-24E06D9431A9}.Release|Any CPU.Build.0 = Release|Any CPU
	EndGlobalSection
	GlobalSection(SolutionProperties) = preSolution
		HideSolutionNode = FALSE
	EndGlobalSection
	GlobalSection(ExtensibilityGlobals) = postSolution
		SolutionGuid = {F0F5E327-92D6-434A-BF8B-5F7B428603C4}
	EndGlobalSection
EndGlobal
