
Microsoft Visual Studio Solution File, Format Version 12.00
# Visual Studio Version 17
VisualStudioVersion = 17.8.34511.84
MinimumVisualStudioVersion = 10.0.40219.1
Project("{FAE04EC0-301F-11D3-BF4B-00C04F79EFBC}") = "UIGeneratorApp", "UIGeneratorApp.csproj", "{7B21659F-7EDC-41DE-83FC-106AF19F46CD}"
EndProject
Global
	GlobalSection(SolutionConfigurationPlatforms) = preSolution
		Debug|Any CPU = Debug|Any CPU
		Release|Any CPU = Release|Any CPU
	EndGlobalSection
	GlobalSection(ProjectConfigurationPlatforms) = postSolution
		{7B21659F-7EDC-41DE-83FC-106AF19F46CD}.Debug|Any CPU.ActiveCfg = Debug|Any CPU
		{7B21659F-7EDC-41DE-83FC-106AF19F46CD}.Debug|Any CPU.Build.0 = Debug|Any CPU
		{7B21659F-7EDC-41DE-83FC-106AF19F46CD}.Release|Any CPU.ActiveCfg = Release|Any CPU
		{7B21659F-7EDC-41DE-83FC-106AF19F46CD}.Release|Any CPU.Build.0 = Release|Any CPU
	EndGlobalSection
	GlobalSection(SolutionProperties) = preSolution
		HideSolutionNode = FALSE
	EndGlobalSection
	GlobalSection(ExtensibilityGlobals) = postSolution
		SolutionGuid = {3CE04BFA-A293-4187-8CBB-424D6EF0594E}
	EndGlobalSection
EndGlobal
